// !$*UTF8*$!
{
	archiveVersion = 1;
	classes = {
	};
	objectVersion = 46;
	objects = {

/* Begin PBXBuildFile section */
		0400349D1C19516100CE26A2 /* CryptoppECC.mm in Sources */ = {isa = PBXBuildFile; fileRef = 049806A61C185B3800026DB8 /* CryptoppECC.mm */; };
		0400349E1C19516100CE26A2 /* CryptoppECDSA.mm in Sources */ = {isa = PBXBuildFile; fileRef = 049806A81C185B3800026DB8 /* CryptoppECDSA.mm */; };
		0400349F1C19516100CE26A2 /* CryptoppHash.mm in Sources */ = {isa = PBXBuildFile; fileRef = 049806AA1C185B3800026DB8 /* CryptoppHash.mm */; };
		040034A01C19516100CE26A2 /* Curve.mm in Sources */ = {isa = PBXBuildFile; fileRef = 049806AC1C185B3800026DB8 /* Curve.mm */; };
		049806B41C18617B00026DB8 /* Images.xcassets in Resources */ = {isa = PBXBuildFile; fileRef = 049806B31C18617B00026DB8 /* Images.xcassets */; settings = {ASSET_TAGS = (); }; };
		049806BC1C1869F000026DB8 /* main.m in Sources */ = {isa = PBXBuildFile; fileRef = 049806BB1C1869F000026DB8 /* main.m */; settings = {ASSET_TAGS = (); }; };
		049806BE1C186B9500026DB8 /* UIKit.framework in Frameworks */ = {isa = PBXBuildFile; fileRef = 049806BD1C186B9500026DB8 /* UIKit.framework */; };
		049806C01C186BA300026DB8 /* Foundation.framework in Frameworks */ = {isa = PBXBuildFile; fileRef = 049806BF1C186BA300026DB8 /* Foundation.framework */; };
		049806C21C186BAC00026DB8 /* CoreGraphics.framework in Frameworks */ = {isa = PBXBuildFile; fileRef = 049806C11C186BAC00026DB8 /* CoreGraphics.framework */; };
		049806C81C186C4100026DB8 /* AppDelegate.m in Sources */ = {isa = PBXBuildFile; fileRef = 049806C51C186C4100026DB8 /* AppDelegate.m */; settings = {ASSET_TAGS = (); }; };
		049806C91C186C4100026DB8 /* ViewController.mm in Sources */ = {isa = PBXBuildFile; fileRef = 049806C71C186C4100026DB8 /* ViewController.mm */; settings = {ASSET_TAGS = (); }; };
/* End PBXBuildFile section */

/* Begin PBXContainerItemProxy section */
		3F8E88FF1B79DE930028FB2C /* PBXContainerItemProxy */ = {
			isa = PBXContainerItemProxy;
			containerPortal = 3F8E88DD1B79DE920028FB2C /* Project object */;
			proxyType = 1;
			remoteGlobalIDString = 3F8E88E41B79DE920028FB2C;
			remoteInfo = cryptoppdemo;
		};
/* End PBXContainerItemProxy section */

/* Begin PBXFileReference section */
		049806191C185B3700026DB8 /* .gitignore */ = {isa = PBXFileReference; fileEncoding = 4; lastKnownFileType = text; path = .gitignore; sourceTree = "<group>"; };
		0498061A1C185B3700026DB8 /* cryptodemolib.pch */ = {isa = PBXFileReference; fileEncoding = 4; lastKnownFileType = sourcecode.c.h; path = cryptodemolib.pch; sourceTree = "<group>"; };
		0498061C1C185B3700026DB8 /* 3way.h */ = {isa = PBXFileReference; fileEncoding = 4; lastKnownFileType = sourcecode.c.h; path = 3way.h; sourceTree = "<group>"; };
		0498061D1C185B3700026DB8 /* adler32.h */ = {isa = PBXFileReference; fileEncoding = 4; lastKnownFileType = sourcecode.c.h; path = adler32.h; sourceTree = "<group>"; };
		0498061E1C185B3700026DB8 /* aes.h */ = {isa = PBXFileReference; fileEncoding = 4; lastKnownFileType = sourcecode.c.h; path = aes.h; sourceTree = "<group>"; };
		0498061F1C185B3700026DB8 /* algebra.h */ = {isa = PBXFileReference; fileEncoding = 4; lastKnownFileType = sourcecode.c.h; path = algebra.h; sourceTree = "<group>"; };
		049806201C185B3700026DB8 /* algparam.h */ = {isa = PBXFileReference; fileEncoding = 4; lastKnownFileType = sourcecode.c.h; path = algparam.h; sourceTree = "<group>"; };
		049806211C185B3700026DB8 /* arc4.h */ = {isa = PBXFileReference; fileEncoding = 4; lastKnownFileType = sourcecode.c.h; path = arc4.h; sourceTree = "<group>"; };
		049806221C185B3700026DB8 /* argnames.h */ = {isa = PBXFileReference; fileEncoding = 4; lastKnownFileType = sourcecode.c.h; path = argnames.h; sourceTree = "<group>"; };
		049806231C185B3700026DB8 /* asn.h */ = {isa = PBXFileReference; fileEncoding = 4; lastKnownFileType = sourcecode.c.h; path = asn.h; sourceTree = "<group>"; };
		049806241C185B3700026DB8 /* authenc.h */ = {isa = PBXFileReference; fileEncoding = 4; lastKnownFileType = sourcecode.c.h; path = authenc.h; sourceTree = "<group>"; };
		049806251C185B3700026DB8 /* base32.h */ = {isa = PBXFileReference; fileEncoding = 4; lastKnownFileType = sourcecode.c.h; path = base32.h; sourceTree = "<group>"; };
		049806261C185B3700026DB8 /* base64.h */ = {isa = PBXFileReference; fileEncoding = 4; lastKnownFileType = sourcecode.c.h; path = base64.h; sourceTree = "<group>"; };
		049806271C185B3700026DB8 /* basecode.h */ = {isa = PBXFileReference; fileEncoding = 4; lastKnownFileType = sourcecode.c.h; path = basecode.h; sourceTree = "<group>"; };
		049806281C185B3700026DB8 /* bench.h */ = {isa = PBXFileReference; fileEncoding = 4; lastKnownFileType = sourcecode.c.h; path = bench.h; sourceTree = "<group>"; };
		049806291C185B3700026DB8 /* blowfish.h */ = {isa = PBXFileReference; fileEncoding = 4; lastKnownFileType = sourcecode.c.h; path = blowfish.h; sourceTree = "<group>"; };
		0498062A1C185B3700026DB8 /* blumshub.h */ = {isa = PBXFileReference; fileEncoding = 4; lastKnownFileType = sourcecode.c.h; path = blumshub.h; sourceTree = "<group>"; };
		0498062B1C185B3700026DB8 /* camellia.h */ = {isa = PBXFileReference; fileEncoding = 4; lastKnownFileType = sourcecode.c.h; path = camellia.h; sourceTree = "<group>"; };
		0498062C1C185B3700026DB8 /* cast.h */ = {isa = PBXFileReference; fileEncoding = 4; lastKnownFileType = sourcecode.c.h; path = cast.h; sourceTree = "<group>"; };
		0498062D1C185B3700026DB8 /* cbcmac.h */ = {isa = PBXFileReference; fileEncoding = 4; lastKnownFileType = sourcecode.c.h; path = cbcmac.h; sourceTree = "<group>"; };
		0498062E1C185B3700026DB8 /* ccm.h */ = {isa = PBXFileReference; fileEncoding = 4; lastKnownFileType = sourcecode.c.h; path = ccm.h; sourceTree = "<group>"; };
		0498062F1C185B3700026DB8 /* channels.h */ = {isa = PBXFileReference; fileEncoding = 4; lastKnownFileType = sourcecode.c.h; path = channels.h; sourceTree = "<group>"; };
		049806301C185B3700026DB8 /* cmac.h */ = {isa = PBXFileReference; fileEncoding = 4; lastKnownFileType = sourcecode.c.h; path = cmac.h; sourceTree = "<group>"; };
		049806311C185B3700026DB8 /* config.h */ = {isa = PBXFileReference; fileEncoding = 4; lastKnownFileType = sourcecode.c.h; path = config.h; sourceTree = "<group>"; };
		049806321C185B3700026DB8 /* cpu.h */ = {isa = PBXFileReference; fileEncoding = 4; lastKnownFileType = sourcecode.c.h; path = cpu.h; sourceTree = "<group>"; };
		049806331C185B3700026DB8 /* crc.h */ = {isa = PBXFileReference; fileEncoding = 4; lastKnownFileType = sourcecode.c.h; path = crc.h; sourceTree = "<group>"; };
		049806341C185B3700026DB8 /* cryptlib.h */ = {isa = PBXFileReference; fileEncoding = 4; lastKnownFileType = sourcecode.c.h; path = cryptlib.h; sourceTree = "<group>"; };
		049806351C185B3700026DB8 /* default.h */ = {isa = PBXFileReference; fileEncoding = 4; lastKnownFileType = sourcecode.c.h; path = default.h; sourceTree = "<group>"; };
		049806361C185B3700026DB8 /* des.h */ = {isa = PBXFileReference; fileEncoding = 4; lastKnownFileType = sourcecode.c.h; path = des.h; sourceTree = "<group>"; };
		049806371C185B3700026DB8 /* dh.h */ = {isa = PBXFileReference; fileEncoding = 4; lastKnownFileType = sourcecode.c.h; path = dh.h; sourceTree = "<group>"; };
		049806381C185B3700026DB8 /* dh2.h */ = {isa = PBXFileReference; fileEncoding = 4; lastKnownFileType = sourcecode.c.h; path = dh2.h; sourceTree = "<group>"; };
		049806391C185B3700026DB8 /* dll.h */ = {isa = PBXFileReference; fileEncoding = 4; lastKnownFileType = sourcecode.c.h; path = dll.h; sourceTree = "<group>"; };
		0498063A1C185B3700026DB8 /* dmac.h */ = {isa = PBXFileReference; fileEncoding = 4; lastKnownFileType = sourcecode.c.h; path = dmac.h; sourceTree = "<group>"; };
		0498063B1C185B3700026DB8 /* dsa.h */ = {isa = PBXFileReference; fileEncoding = 4; lastKnownFileType = sourcecode.c.h; path = dsa.h; sourceTree = "<group>"; };
		0498063C1C185B3700026DB8 /* eax.h */ = {isa = PBXFileReference; fileEncoding = 4; lastKnownFileType = sourcecode.c.h; path = eax.h; sourceTree = "<group>"; };
		0498063D1C185B3700026DB8 /* ec2n.h */ = {isa = PBXFileReference; fileEncoding = 4; lastKnownFileType = sourcecode.c.h; path = ec2n.h; sourceTree = "<group>"; };
		0498063E1C185B3700026DB8 /* eccrypto.h */ = {isa = PBXFileReference; fileEncoding = 4; lastKnownFileType = sourcecode.c.h; path = eccrypto.h; sourceTree = "<group>"; };
		0498063F1C185B3700026DB8 /* ecp.h */ = {isa = PBXFileReference; fileEncoding = 4; lastKnownFileType = sourcecode.c.h; path = ecp.h; sourceTree = "<group>"; };
		049806401C185B3700026DB8 /* elgamal.h */ = {isa = PBXFileReference; fileEncoding = 4; lastKnownFileType = sourcecode.c.h; path = elgamal.h; sourceTree = "<group>"; };
		049806411C185B3700026DB8 /* emsa2.h */ = {isa = PBXFileReference; fileEncoding = 4; lastKnownFileType = sourcecode.c.h; path = emsa2.h; sourceTree = "<group>"; };
		049806421C185B3700026DB8 /* eprecomp.h */ = {isa = PBXFileReference; fileEncoding = 4; lastKnownFileType = sourcecode.c.h; path = eprecomp.h; sourceTree = "<group>"; };
		049806431C185B3700026DB8 /* esign.h */ = {isa = PBXFileReference; fileEncoding = 4; lastKnownFileType = sourcecode.c.h; path = esign.h; sourceTree = "<group>"; };
		049806441C185B3700026DB8 /* factory.h */ = {isa = PBXFileReference; fileEncoding = 4; lastKnownFileType = sourcecode.c.h; path = factory.h; sourceTree = "<group>"; };
		049806451C185B3700026DB8 /* files.h */ = {isa = PBXFileReference; fileEncoding = 4; lastKnownFileType = sourcecode.c.h; path = files.h; sourceTree = "<group>"; };
		049806461C185B3700026DB8 /* filters.h */ = {isa = PBXFileReference; fileEncoding = 4; lastKnownFileType = sourcecode.c.h; path = filters.h; sourceTree = "<group>"; };
		049806471C185B3700026DB8 /* fips140.h */ = {isa = PBXFileReference; fileEncoding = 4; lastKnownFileType = sourcecode.c.h; path = fips140.h; sourceTree = "<group>"; };
		049806481C185B3700026DB8 /* fltrimpl.h */ = {isa = PBXFileReference; fileEncoding = 4; lastKnownFileType = sourcecode.c.h; path = fltrimpl.h; sourceTree = "<group>"; };
		049806491C185B3700026DB8 /* gcm.h */ = {isa = PBXFileReference; fileEncoding = 4; lastKnownFileType = sourcecode.c.h; path = gcm.h; sourceTree = "<group>"; };
		0498064A1C185B3700026DB8 /* gf256.h */ = {isa = PBXFileReference; fileEncoding = 4; lastKnownFileType = sourcecode.c.h; path = gf256.h; sourceTree = "<group>"; };
		0498064B1C185B3800026DB8 /* gf2_32.h */ = {isa = PBXFileReference; fileEncoding = 4; lastKnownFileType = sourcecode.c.h; path = gf2_32.h; sourceTree = "<group>"; };
		0498064C1C185B3800026DB8 /* gf2n.h */ = {isa = PBXFileReference; fileEncoding = 4; lastKnownFileType = sourcecode.c.h; path = gf2n.h; sourceTree = "<group>"; };
		0498064D1C185B3800026DB8 /* gfpcrypt.h */ = {isa = PBXFileReference; fileEncoding = 4; lastKnownFileType = sourcecode.c.h; path = gfpcrypt.h; sourceTree = "<group>"; };
		0498064E1C185B3800026DB8 /* gost.h */ = {isa = PBXFileReference; fileEncoding = 4; lastKnownFileType = sourcecode.c.h; path = gost.h; sourceTree = "<group>"; };
		0498064F1C185B3800026DB8 /* gzip.h */ = {isa = PBXFileReference; fileEncoding = 4; lastKnownFileType = sourcecode.c.h; path = gzip.h; sourceTree = "<group>"; };
		049806501C185B3800026DB8 /* hex.h */ = {isa = PBXFileReference; fileEncoding = 4; lastKnownFileType = sourcecode.c.h; path = hex.h; sourceTree = "<group>"; };
		049806511C185B3800026DB8 /* hmac.h */ = {isa = PBXFileReference; fileEncoding = 4; lastKnownFileType = sourcecode.c.h; path = hmac.h; sourceTree = "<group>"; };
		049806521C185B3800026DB8 /* hrtimer.h */ = {isa = PBXFileReference; fileEncoding = 4; lastKnownFileType = sourcecode.c.h; path = hrtimer.h; sourceTree = "<group>"; };
		049806531C185B3800026DB8 /* ida.h */ = {isa = PBXFileReference; fileEncoding = 4; lastKnownFileType = sourcecode.c.h; path = ida.h; sourceTree = "<group>"; };
		049806541C185B3800026DB8 /* idea.h */ = {isa = PBXFileReference; fileEncoding = 4; lastKnownFileType = sourcecode.c.h; path = idea.h; sourceTree = "<group>"; };
		049806551C185B3800026DB8 /* integer.h */ = {isa = PBXFileReference; fileEncoding = 4; lastKnownFileType = sourcecode.c.h; path = integer.h; sourceTree = "<group>"; };
		049806561C185B3800026DB8 /* iterhash.h */ = {isa = PBXFileReference; fileEncoding = 4; lastKnownFileType = sourcecode.c.h; path = iterhash.h; sourceTree = "<group>"; };
		049806571C185B3800026DB8 /* libcryptopp.a */ = {isa = PBXFileReference; lastKnownFileType = archive.ar; path = libcryptopp.a; sourceTree = "<group>"; };
		049806581C185B3800026DB8 /* lubyrack.h */ = {isa = PBXFileReference; fileEncoding = 4; lastKnownFileType = sourcecode.c.h; path = lubyrack.h; sourceTree = "<group>"; };
		049806591C185B3800026DB8 /* luc.h */ = {isa = PBXFileReference; fileEncoding = 4; lastKnownFileType = sourcecode.c.h; path = luc.h; sourceTree = "<group>"; };
		0498065A1C185B3800026DB8 /* mars.h */ = {isa = PBXFileReference; fileEncoding = 4; lastKnownFileType = sourcecode.c.h; path = mars.h; sourceTree = "<group>"; };
		0498065B1C185B3800026DB8 /* md2.h */ = {isa = PBXFileReference; fileEncoding = 4; lastKnownFileType = sourcecode.c.h; path = md2.h; sourceTree = "<group>"; };
		0498065C1C185B3800026DB8 /* md4.h */ = {isa = PBXFileReference; fileEncoding = 4; lastKnownFileType = sourcecode.c.h; path = md4.h; sourceTree = "<group>"; };
		0498065D1C185B3800026DB8 /* md5.h */ = {isa = PBXFileReference; fileEncoding = 4; lastKnownFileType = sourcecode.c.h; path = md5.h; sourceTree = "<group>"; };
		0498065E1C185B3800026DB8 /* mdc.h */ = {isa = PBXFileReference; fileEncoding = 4; lastKnownFileType = sourcecode.c.h; path = mdc.h; sourceTree = "<group>"; };
		0498065F1C185B3800026DB8 /* misc.h */ = {isa = PBXFileReference; fileEncoding = 4; lastKnownFileType = sourcecode.c.h; path = misc.h; sourceTree = "<group>"; };
		049806601C185B3800026DB8 /* modarith.h */ = {isa = PBXFileReference; fileEncoding = 4; lastKnownFileType = sourcecode.c.h; path = modarith.h; sourceTree = "<group>"; };
		049806611C185B3800026DB8 /* modes.h */ = {isa = PBXFileReference; fileEncoding = 4; lastKnownFileType = sourcecode.c.h; path = modes.h; sourceTree = "<group>"; };
		049806621C185B3800026DB8 /* modexppc.h */ = {isa = PBXFileReference; fileEncoding = 4; lastKnownFileType = sourcecode.c.h; path = modexppc.h; sourceTree = "<group>"; };
		049806631C185B3800026DB8 /* mqueue.h */ = {isa = PBXFileReference; fileEncoding = 4; lastKnownFileType = sourcecode.c.h; path = mqueue.h; sourceTree = "<group>"; };
		049806641C185B3800026DB8 /* mqv.h */ = {isa = PBXFileReference; fileEncoding = 4; lastKnownFileType = sourcecode.c.h; path = mqv.h; sourceTree = "<group>"; };
		049806651C185B3800026DB8 /* nbtheory.h */ = {isa = PBXFileReference; fileEncoding = 4; lastKnownFileType = sourcecode.c.h; path = nbtheory.h; sourceTree = "<group>"; };
		049806661C185B3800026DB8 /* network.h */ = {isa = PBXFileReference; fileEncoding = 4; lastKnownFileType = sourcecode.c.h; path = network.h; sourceTree = "<group>"; };
		049806671C185B3800026DB8 /* nr.h */ = {isa = PBXFileReference; fileEncoding = 4; lastKnownFileType = sourcecode.c.h; path = nr.h; sourceTree = "<group>"; };
		049806681C185B3800026DB8 /* oaep.h */ = {isa = PBXFileReference; fileEncoding = 4; lastKnownFileType = sourcecode.c.h; path = oaep.h; sourceTree = "<group>"; };
		049806691C185B3800026DB8 /* oids.h */ = {isa = PBXFileReference; fileEncoding = 4; lastKnownFileType = sourcecode.c.h; path = oids.h; sourceTree = "<group>"; };
		0498066A1C185B3800026DB8 /* osrng.h */ = {isa = PBXFileReference; fileEncoding = 4; lastKnownFileType = sourcecode.c.h; path = osrng.h; sourceTree = "<group>"; };
		0498066B1C185B3800026DB8 /* panama.h */ = {isa = PBXFileReference; fileEncoding = 4; lastKnownFileType = sourcecode.c.h; path = panama.h; sourceTree = "<group>"; };
		0498066C1C185B3800026DB8 /* pch.h */ = {isa = PBXFileReference; fileEncoding = 4; lastKnownFileType = sourcecode.c.h; path = pch.h; sourceTree = "<group>"; };
		0498066D1C185B3800026DB8 /* pkcspad.h */ = {isa = PBXFileReference; fileEncoding = 4; lastKnownFileType = sourcecode.c.h; path = pkcspad.h; sourceTree = "<group>"; };
		0498066E1C185B3800026DB8 /* polynomi.h */ = {isa = PBXFileReference; fileEncoding = 4; lastKnownFileType = sourcecode.c.h; path = polynomi.h; sourceTree = "<group>"; };
		0498066F1C185B3800026DB8 /* pssr.h */ = {isa = PBXFileReference; fileEncoding = 4; lastKnownFileType = sourcecode.c.h; path = pssr.h; sourceTree = "<group>"; };
		049806701C185B3800026DB8 /* pubkey.h */ = {isa = PBXFileReference; fileEncoding = 4; lastKnownFileType = sourcecode.c.h; path = pubkey.h; sourceTree = "<group>"; };
		049806711C185B3800026DB8 /* pwdbased.h */ = {isa = PBXFileReference; fileEncoding = 4; lastKnownFileType = sourcecode.c.h; path = pwdbased.h; sourceTree = "<group>"; };
		049806721C185B3800026DB8 /* queue.h */ = {isa = PBXFileReference; fileEncoding = 4; lastKnownFileType = sourcecode.c.h; path = queue.h; sourceTree = "<group>"; };
		049806731C185B3800026DB8 /* rabin.h */ = {isa = PBXFileReference; fileEncoding = 4; lastKnownFileType = sourcecode.c.h; path = rabin.h; sourceTree = "<group>"; };
		049806741C185B3800026DB8 /* randpool.h */ = {isa = PBXFileReference; fileEncoding = 4; lastKnownFileType = sourcecode.c.h; path = randpool.h; sourceTree = "<group>"; };
		049806751C185B3800026DB8 /* rc2.h */ = {isa = PBXFileReference; fileEncoding = 4; lastKnownFileType = sourcecode.c.h; path = rc2.h; sourceTree = "<group>"; };
		049806761C185B3800026DB8 /* rc5.h */ = {isa = PBXFileReference; fileEncoding = 4; lastKnownFileType = sourcecode.c.h; path = rc5.h; sourceTree = "<group>"; };
		049806771C185B3800026DB8 /* rc6.h */ = {isa = PBXFileReference; fileEncoding = 4; lastKnownFileType = sourcecode.c.h; path = rc6.h; sourceTree = "<group>"; };
		049806781C185B3800026DB8 /* resource.h */ = {isa = PBXFileReference; fileEncoding = 4; lastKnownFileType = sourcecode.c.h; path = resource.h; sourceTree = "<group>"; };
		049806791C185B3800026DB8 /* rijndael.h */ = {isa = PBXFileReference; fileEncoding = 4; lastKnownFileType = sourcecode.c.h; path = rijndael.h; sourceTree = "<group>"; };
		0498067A1C185B3800026DB8 /* ripemd.h */ = {isa = PBXFileReference; fileEncoding = 4; lastKnownFileType = sourcecode.c.h; path = ripemd.h; sourceTree = "<group>"; };
		0498067B1C185B3800026DB8 /* rng.h */ = {isa = PBXFileReference; fileEncoding = 4; lastKnownFileType = sourcecode.c.h; path = rng.h; sourceTree = "<group>"; };
		0498067C1C185B3800026DB8 /* rsa.h */ = {isa = PBXFileReference; fileEncoding = 4; lastKnownFileType = sourcecode.c.h; path = rsa.h; sourceTree = "<group>"; };
		0498067D1C185B3800026DB8 /* rw.h */ = {isa = PBXFileReference; fileEncoding = 4; lastKnownFileType = sourcecode.c.h; path = rw.h; sourceTree = "<group>"; };
		0498067E1C185B3800026DB8 /* safer.h */ = {isa = PBXFileReference; fileEncoding = 4; lastKnownFileType = sourcecode.c.h; path = safer.h; sourceTree = "<group>"; };
		0498067F1C185B3800026DB8 /* salsa.h */ = {isa = PBXFileReference; fileEncoding = 4; lastKnownFileType = sourcecode.c.h; path = salsa.h; sourceTree = "<group>"; };
		049806801C185B3800026DB8 /* seal.h */ = {isa = PBXFileReference; fileEncoding = 4; lastKnownFileType = sourcecode.c.h; path = seal.h; sourceTree = "<group>"; };
		049806811C185B3800026DB8 /* secblock.h */ = {isa = PBXFileReference; fileEncoding = 4; lastKnownFileType = sourcecode.c.h; path = secblock.h; sourceTree = "<group>"; };
		049806821C185B3800026DB8 /* seckey.h */ = {isa = PBXFileReference; fileEncoding = 4; lastKnownFileType = sourcecode.c.h; path = seckey.h; sourceTree = "<group>"; };
		049806831C185B3800026DB8 /* seed.h */ = {isa = PBXFileReference; fileEncoding = 4; lastKnownFileType = sourcecode.c.h; path = seed.h; sourceTree = "<group>"; };
		049806841C185B3800026DB8 /* serpent.h */ = {isa = PBXFileReference; fileEncoding = 4; lastKnownFileType = sourcecode.c.h; path = serpent.h; sourceTree = "<group>"; };
		049806851C185B3800026DB8 /* serpentp.h */ = {isa = PBXFileReference; fileEncoding = 4; lastKnownFileType = sourcecode.c.h; path = serpentp.h; sourceTree = "<group>"; };
		049806861C185B3800026DB8 /* sha.h */ = {isa = PBXFileReference; fileEncoding = 4; lastKnownFileType = sourcecode.c.h; path = sha.h; sourceTree = "<group>"; };
		049806871C185B3800026DB8 /* sha3.h */ = {isa = PBXFileReference; fileEncoding = 4; lastKnownFileType = sourcecode.c.h; path = sha3.h; sourceTree = "<group>"; };
		049806881C185B3800026DB8 /* shacal2.h */ = {isa = PBXFileReference; fileEncoding = 4; lastKnownFileType = sourcecode.c.h; path = shacal2.h; sourceTree = "<group>"; };
		049806891C185B3800026DB8 /* shark.h */ = {isa = PBXFileReference; fileEncoding = 4; lastKnownFileType = sourcecode.c.h; path = shark.h; sourceTree = "<group>"; };
		0498068A1C185B3800026DB8 /* simple.h */ = {isa = PBXFileReference; fileEncoding = 4; lastKnownFileType = sourcecode.c.h; path = simple.h; sourceTree = "<group>"; };
		0498068B1C185B3800026DB8 /* skipjack.h */ = {isa = PBXFileReference; fileEncoding = 4; lastKnownFileType = sourcecode.c.h; path = skipjack.h; sourceTree = "<group>"; };
		0498068C1C185B3800026DB8 /* smartptr.h */ = {isa = PBXFileReference; fileEncoding = 4; lastKnownFileType = sourcecode.c.h; path = smartptr.h; sourceTree = "<group>"; };
		0498068D1C185B3800026DB8 /* socketft.h */ = {isa = PBXFileReference; fileEncoding = 4; lastKnownFileType = sourcecode.c.h; path = socketft.h; sourceTree = "<group>"; };
		0498068E1C185B3800026DB8 /* sosemanuk.h */ = {isa = PBXFileReference; fileEncoding = 4; lastKnownFileType = sourcecode.c.h; path = sosemanuk.h; sourceTree = "<group>"; };
		0498068F1C185B3800026DB8 /* square.h */ = {isa = PBXFileReference; fileEncoding = 4; lastKnownFileType = sourcecode.c.h; path = square.h; sourceTree = "<group>"; };
		049806901C185B3800026DB8 /* stdcpp.h */ = {isa = PBXFileReference; fileEncoding = 4; lastKnownFileType = sourcecode.c.h; path = stdcpp.h; sourceTree = "<group>"; };
		049806911C185B3800026DB8 /* strciphr.h */ = {isa = PBXFileReference; fileEncoding = 4; lastKnownFileType = sourcecode.c.h; path = strciphr.h; sourceTree = "<group>"; };
		049806921C185B3800026DB8 /* tea.h */ = {isa = PBXFileReference; fileEncoding = 4; lastKnownFileType = sourcecode.c.h; path = tea.h; sourceTree = "<group>"; };
		049806931C185B3800026DB8 /* tiger.h */ = {isa = PBXFileReference; fileEncoding = 4; lastKnownFileType = sourcecode.c.h; path = tiger.h; sourceTree = "<group>"; };
		049806941C185B3800026DB8 /* trdlocal.h */ = {isa = PBXFileReference; fileEncoding = 4; lastKnownFileType = sourcecode.c.h; path = trdlocal.h; sourceTree = "<group>"; };
		049806951C185B3800026DB8 /* trunhash.h */ = {isa = PBXFileReference; fileEncoding = 4; lastKnownFileType = sourcecode.c.h; path = trunhash.h; sourceTree = "<group>"; };
		049806961C185B3800026DB8 /* ttmac.h */ = {isa = PBXFileReference; fileEncoding = 4; lastKnownFileType = sourcecode.c.h; path = ttmac.h; sourceTree = "<group>"; };
		049806971C185B3800026DB8 /* twofish.h */ = {isa = PBXFileReference; fileEncoding = 4; lastKnownFileType = sourcecode.c.h; path = twofish.h; sourceTree = "<group>"; };
		049806981C185B3800026DB8 /* validate.h */ = {isa = PBXFileReference; fileEncoding = 4; lastKnownFileType = sourcecode.c.h; path = validate.h; sourceTree = "<group>"; };
		049806991C185B3800026DB8 /* vmac.h */ = {isa = PBXFileReference; fileEncoding = 4; lastKnownFileType = sourcecode.c.h; path = vmac.h; sourceTree = "<group>"; };
		0498069A1C185B3800026DB8 /* wait.h */ = {isa = PBXFileReference; fileEncoding = 4; lastKnownFileType = sourcecode.c.h; path = wait.h; sourceTree = "<group>"; };
		0498069B1C185B3800026DB8 /* wake.h */ = {isa = PBXFileReference; fileEncoding = 4; lastKnownFileType = sourcecode.c.h; path = wake.h; sourceTree = "<group>"; };
		0498069C1C185B3800026DB8 /* whrlpool.h */ = {isa = PBXFileReference; fileEncoding = 4; lastKnownFileType = sourcecode.c.h; path = whrlpool.h; sourceTree = "<group>"; };
		0498069D1C185B3800026DB8 /* winpipes.h */ = {isa = PBXFileReference; fileEncoding = 4; lastKnownFileType = sourcecode.c.h; path = winpipes.h; sourceTree = "<group>"; };
		0498069E1C185B3800026DB8 /* words.h */ = {isa = PBXFileReference; fileEncoding = 4; lastKnownFileType = sourcecode.c.h; path = words.h; sourceTree = "<group>"; };
		0498069F1C185B3800026DB8 /* xtr.h */ = {isa = PBXFileReference; fileEncoding = 4; lastKnownFileType = sourcecode.c.h; path = xtr.h; sourceTree = "<group>"; };
		049806A01C185B3800026DB8 /* xtrcrypt.h */ = {isa = PBXFileReference; fileEncoding = 4; lastKnownFileType = sourcecode.c.h; path = xtrcrypt.h; sourceTree = "<group>"; };
		049806A11C185B3800026DB8 /* zdeflate.h */ = {isa = PBXFileReference; fileEncoding = 4; lastKnownFileType = sourcecode.c.h; path = zdeflate.h; sourceTree = "<group>"; };
		049806A21C185B3800026DB8 /* zinflate.h */ = {isa = PBXFileReference; fileEncoding = 4; lastKnownFileType = sourcecode.c.h; path = zinflate.h; sourceTree = "<group>"; };
		049806A31C185B3800026DB8 /* zlib.h */ = {isa = PBXFileReference; fileEncoding = 4; lastKnownFileType = sourcecode.c.h; path = zlib.h; sourceTree = "<group>"; };
		049806A51C185B3800026DB8 /* CryptoppECC.h */ = {isa = PBXFileReference; fileEncoding = 4; lastKnownFileType = sourcecode.c.h; path = CryptoppECC.h; sourceTree = "<group>"; };
		049806A61C185B3800026DB8 /* CryptoppECC.mm */ = {isa = PBXFileReference; fileEncoding = 4; lastKnownFileType = sourcecode.cpp.objcpp; path = CryptoppECC.mm; sourceTree = "<group>"; };
		049806A71C185B3800026DB8 /* CryptoppECDSA.h */ = {isa = PBXFileReference; fileEncoding = 4; lastKnownFileType = sourcecode.c.h; path = CryptoppECDSA.h; sourceTree = "<group>"; };
		049806A81C185B3800026DB8 /* CryptoppECDSA.mm */ = {isa = PBXFileReference; fileEncoding = 4; lastKnownFileType = sourcecode.cpp.objcpp; path = CryptoppECDSA.mm; sourceTree = "<group>"; };
		049806A91C185B3800026DB8 /* CryptoppHash.h */ = {isa = PBXFileReference; fileEncoding = 4; lastKnownFileType = sourcecode.c.h; path = CryptoppHash.h; sourceTree = "<group>"; };
		049806AA1C185B3800026DB8 /* CryptoppHash.mm */ = {isa = PBXFileReference; fileEncoding = 4; lastKnownFileType = sourcecode.cpp.objcpp; path = CryptoppHash.mm; sourceTree = "<group>"; };
		049806AB1C185B3800026DB8 /* Curve.h */ = {isa = PBXFileReference; fileEncoding = 4; lastKnownFileType = sourcecode.c.h; path = Curve.h; sourceTree = "<group>"; };
		049806AC1C185B3800026DB8 /* Curve.mm */ = {isa = PBXFileReference; fileEncoding = 4; lastKnownFileType = sourcecode.cpp.objcpp; path = Curve.mm; sourceTree = "<group>"; };
		049806B31C18617B00026DB8 /* Images.xcassets */ = {isa = PBXFileReference; lastKnownFileType = folder.assetcatalog; path = Images.xcassets; sourceTree = SOURCE_ROOT; };
		049806B51C18630600026DB8 /* Info.plist */ = {isa = PBXFileReference; fileEncoding = 4; lastKnownFileType = text.plist.xml; name = Info.plist; path = Resources/Info.plist; sourceTree = SOURCE_ROOT; };
		049806BB1C1869F000026DB8 /* main.m */ = {isa = PBXFileReference; fileEncoding = 4; lastKnownFileType = sourcecode.c.objc; path = main.m; sourceTree = SOURCE_ROOT; };
		049806BD1C186B9500026DB8 /* UIKit.framework */ = {isa = PBXFileReference; lastKnownFileType = wrapper.framework; name = UIKit.framework; path = System/Library/Frameworks/UIKit.framework; sourceTree = SDKROOT; };
		049806BF1C186BA300026DB8 /* Foundation.framework */ = {isa = PBXFileReference; lastKnownFileType = wrapper.framework; name = Foundation.framework; path = System/Library/Frameworks/Foundation.framework; sourceTree = SDKROOT; };
		049806C11C186BAC00026DB8 /* CoreGraphics.framework */ = {isa = PBXFileReference; lastKnownFileType = wrapper.framework; name = CoreGraphics.framework; path = System/Library/Frameworks/CoreGraphics.framework; sourceTree = SDKROOT; };
		049806C41C186C4100026DB8 /* AppDelegate.h */ = {isa = PBXFileReference; fileEncoding = 4; lastKnownFileType = sourcecode.c.h; name = AppDelegate.h; path = Classes/AppDelegate.h; sourceTree = SOURCE_ROOT; };
		049806C51C186C4100026DB8 /* AppDelegate.m */ = {isa = PBXFileReference; fileEncoding = 4; lastKnownFileType = sourcecode.c.objc; name = AppDelegate.m; path = Classes/AppDelegate.m; sourceTree = SOURCE_ROOT; };
		049806C61C186C4100026DB8 /* ViewController.h */ = {isa = PBXFileReference; fileEncoding = 4; lastKnownFileType = sourcecode.c.h; name = ViewController.h; path = Classes/ViewController.h; sourceTree = SOURCE_ROOT; };
		049806C71C186C4100026DB8 /* ViewController.mm */ = {isa = PBXFileReference; fileEncoding = 4; lastKnownFileType = sourcecode.cpp.objcpp; name = ViewController.mm; path = Classes/ViewController.mm; sourceTree = SOURCE_ROOT; };
		3F8E88E51B79DE920028FB2C /* cryptoppdemo.app */ = {isa = PBXFileReference; explicitFileType = wrapper.application; includeInIndex = 0; path = cryptoppdemo.app; sourceTree = BUILT_PRODUCTS_DIR; };
		3F8E88FE1B79DE930028FB2C /* cryptoppdemoTests.xctest */ = {isa = PBXFileReference; explicitFileType = wrapper.cfbundle; includeInIndex = 0; path = cryptoppdemoTests.xctest; sourceTree = BUILT_PRODUCTS_DIR; };
/* End PBXFileReference section */

/* Begin PBXFrameworksBuildPhase section */
		3F8E88E21B79DE920028FB2C /* Frameworks */ = {
			isa = PBXFrameworksBuildPhase;
			buildActionMask = 2147483647;
			files = (
				049806C21C186BAC00026DB8 /* CoreGraphics.framework in Frameworks */,
				049806C01C186BA300026DB8 /* Foundation.framework in Frameworks */,
				049806BE1C186B9500026DB8 /* UIKit.framework in Frameworks */,
			);
			runOnlyForDeploymentPostprocessing = 0;
		};
		3F8E88FB1B79DE930028FB2C /* Frameworks */ = {
			isa = PBXFrameworksBuildPhase;
			buildActionMask = 2147483647;
			files = (
			);
			runOnlyForDeploymentPostprocessing = 0;
		};
/* End PBXFrameworksBuildPhase section */

/* Begin PBXGroup section */
		049806181C185B3700026DB8 /* CryptoppECC */ = {
			isa = PBXGroup;
			children = (
				049806191C185B3700026DB8 /* .gitignore */,
				0498061A1C185B3700026DB8 /* cryptodemolib.pch */,
				0498061B1C185B3700026DB8 /* CryptoppLibrary */,
				049806A41C185B3800026DB8 /* CryptoppWrapper */,
			);
			name = CryptoppECC;
			path = ../CryptoppECC;
			sourceTree = "<group>";
		};
		0498061B1C185B3700026DB8 /* CryptoppLibrary */ = {
			isa = PBXGroup;
			children = (
				0498061C1C185B3700026DB8 /* 3way.h */,
				0498061D1C185B3700026DB8 /* adler32.h */,
				0498061E1C185B3700026DB8 /* aes.h */,
				0498061F1C185B3700026DB8 /* algebra.h */,
				049806201C185B3700026DB8 /* algparam.h */,
				049806211C185B3700026DB8 /* arc4.h */,
				049806221C185B3700026DB8 /* argnames.h */,
				049806231C185B3700026DB8 /* asn.h */,
				049806241C185B3700026DB8 /* authenc.h */,
				049806251C185B3700026DB8 /* base32.h */,
				049806261C185B3700026DB8 /* base64.h */,
				049806271C185B3700026DB8 /* basecode.h */,
				049806281C185B3700026DB8 /* bench.h */,
				049806291C185B3700026DB8 /* blowfish.h */,
				0498062A1C185B3700026DB8 /* blumshub.h */,
				0498062B1C185B3700026DB8 /* camellia.h */,
				0498062C1C185B3700026DB8 /* cast.h */,
				0498062D1C185B3700026DB8 /* cbcmac.h */,
				0498062E1C185B3700026DB8 /* ccm.h */,
				0498062F1C185B3700026DB8 /* channels.h */,
				049806301C185B3700026DB8 /* cmac.h */,
				049806311C185B3700026DB8 /* config.h */,
				049806321C185B3700026DB8 /* cpu.h */,
				049806331C185B3700026DB8 /* crc.h */,
				049806341C185B3700026DB8 /* cryptlib.h */,
				049806351C185B3700026DB8 /* default.h */,
				049806361C185B3700026DB8 /* des.h */,
				049806371C185B3700026DB8 /* dh.h */,
				049806381C185B3700026DB8 /* dh2.h */,
				049806391C185B3700026DB8 /* dll.h */,
				0498063A1C185B3700026DB8 /* dmac.h */,
				0498063B1C185B3700026DB8 /* dsa.h */,
				0498063C1C185B3700026DB8 /* eax.h */,
				0498063D1C185B3700026DB8 /* ec2n.h */,
				0498063E1C185B3700026DB8 /* eccrypto.h */,
				0498063F1C185B3700026DB8 /* ecp.h */,
				049806401C185B3700026DB8 /* elgamal.h */,
				049806411C185B3700026DB8 /* emsa2.h */,
				049806421C185B3700026DB8 /* eprecomp.h */,
				049806431C185B3700026DB8 /* esign.h */,
				049806441C185B3700026DB8 /* factory.h */,
				049806451C185B3700026DB8 /* files.h */,
				049806461C185B3700026DB8 /* filters.h */,
				049806471C185B3700026DB8 /* fips140.h */,
				049806481C185B3700026DB8 /* fltrimpl.h */,
				049806491C185B3700026DB8 /* gcm.h */,
				0498064A1C185B3700026DB8 /* gf256.h */,
				0498064B1C185B3800026DB8 /* gf2_32.h */,
				0498064C1C185B3800026DB8 /* gf2n.h */,
				0498064D1C185B3800026DB8 /* gfpcrypt.h */,
				0498064E1C185B3800026DB8 /* gost.h */,
				0498064F1C185B3800026DB8 /* gzip.h */,
				049806501C185B3800026DB8 /* hex.h */,
				049806511C185B3800026DB8 /* hmac.h */,
				049806521C185B3800026DB8 /* hrtimer.h */,
				049806531C185B3800026DB8 /* ida.h */,
				049806541C185B3800026DB8 /* idea.h */,
				049806551C185B3800026DB8 /* integer.h */,
				049806561C185B3800026DB8 /* iterhash.h */,
				049806571C185B3800026DB8 /* libcryptopp.a */,
				049806581C185B3800026DB8 /* lubyrack.h */,
				049806591C185B3800026DB8 /* luc.h */,
				0498065A1C185B3800026DB8 /* mars.h */,
				0498065B1C185B3800026DB8 /* md2.h */,
				0498065C1C185B3800026DB8 /* md4.h */,
				0498065D1C185B3800026DB8 /* md5.h */,
				0498065E1C185B3800026DB8 /* mdc.h */,
				0498065F1C185B3800026DB8 /* misc.h */,
				049806601C185B3800026DB8 /* modarith.h */,
				049806611C185B3800026DB8 /* modes.h */,
				049806621C185B3800026DB8 /* modexppc.h */,
				049806631C185B3800026DB8 /* mqueue.h */,
				049806641C185B3800026DB8 /* mqv.h */,
				049806651C185B3800026DB8 /* nbtheory.h */,
				049806661C185B3800026DB8 /* network.h */,
				049806671C185B3800026DB8 /* nr.h */,
				049806681C185B3800026DB8 /* oaep.h */,
				049806691C185B3800026DB8 /* oids.h */,
				0498066A1C185B3800026DB8 /* osrng.h */,
				0498066B1C185B3800026DB8 /* panama.h */,
				0498066C1C185B3800026DB8 /* pch.h */,
				0498066D1C185B3800026DB8 /* pkcspad.h */,
				0498066E1C185B3800026DB8 /* polynomi.h */,
				0498066F1C185B3800026DB8 /* pssr.h */,
				049806701C185B3800026DB8 /* pubkey.h */,
				049806711C185B3800026DB8 /* pwdbased.h */,
				049806721C185B3800026DB8 /* queue.h */,
				049806731C185B3800026DB8 /* rabin.h */,
				049806741C185B3800026DB8 /* randpool.h */,
				049806751C185B3800026DB8 /* rc2.h */,
				049806761C185B3800026DB8 /* rc5.h */,
				049806771C185B3800026DB8 /* rc6.h */,
				049806781C185B3800026DB8 /* resource.h */,
				049806791C185B3800026DB8 /* rijndael.h */,
				0498067A1C185B3800026DB8 /* ripemd.h */,
				0498067B1C185B3800026DB8 /* rng.h */,
				0498067C1C185B3800026DB8 /* rsa.h */,
				0498067D1C185B3800026DB8 /* rw.h */,
				0498067E1C185B3800026DB8 /* safer.h */,
				0498067F1C185B3800026DB8 /* salsa.h */,
				049806801C185B3800026DB8 /* seal.h */,
				049806811C185B3800026DB8 /* secblock.h */,
				049806821C185B3800026DB8 /* seckey.h */,
				049806831C185B3800026DB8 /* seed.h */,
				049806841C185B3800026DB8 /* serpent.h */,
				049806851C185B3800026DB8 /* serpentp.h */,
				049806861C185B3800026DB8 /* sha.h */,
				049806871C185B3800026DB8 /* sha3.h */,
				049806881C185B3800026DB8 /* shacal2.h */,
				049806891C185B3800026DB8 /* shark.h */,
				0498068A1C185B3800026DB8 /* simple.h */,
				0498068B1C185B3800026DB8 /* skipjack.h */,
				0498068C1C185B3800026DB8 /* smartptr.h */,
				0498068D1C185B3800026DB8 /* socketft.h */,
				0498068E1C185B3800026DB8 /* sosemanuk.h */,
				0498068F1C185B3800026DB8 /* square.h */,
				049806901C185B3800026DB8 /* stdcpp.h */,
				049806911C185B3800026DB8 /* strciphr.h */,
				049806921C185B3800026DB8 /* tea.h */,
				049806931C185B3800026DB8 /* tiger.h */,
				049806941C185B3800026DB8 /* trdlocal.h */,
				049806951C185B3800026DB8 /* trunhash.h */,
				049806961C185B3800026DB8 /* ttmac.h */,
				049806971C185B3800026DB8 /* twofish.h */,
				049806981C185B3800026DB8 /* validate.h */,
				049806991C185B3800026DB8 /* vmac.h */,
				0498069A1C185B3800026DB8 /* wait.h */,
				0498069B1C185B3800026DB8 /* wake.h */,
				0498069C1C185B3800026DB8 /* whrlpool.h */,
				0498069D1C185B3800026DB8 /* winpipes.h */,
				0498069E1C185B3800026DB8 /* words.h */,
				0498069F1C185B3800026DB8 /* xtr.h */,
				049806A01C185B3800026DB8 /* xtrcrypt.h */,
				049806A11C185B3800026DB8 /* zdeflate.h */,
				049806A21C185B3800026DB8 /* zinflate.h */,
				049806A31C185B3800026DB8 /* zlib.h */,
			);
			path = CryptoppLibrary;
			sourceTree = "<group>";
		};
		049806A41C185B3800026DB8 /* CryptoppWrapper */ = {
			isa = PBXGroup;
			children = (
				049806A51C185B3800026DB8 /* CryptoppECC.h */,
				049806A61C185B3800026DB8 /* CryptoppECC.mm */,
				049806A71C185B3800026DB8 /* CryptoppECDSA.h */,
				049806A81C185B3800026DB8 /* CryptoppECDSA.mm */,
				049806A91C185B3800026DB8 /* CryptoppHash.h */,
				049806AA1C185B3800026DB8 /* CryptoppHash.mm */,
				049806AB1C185B3800026DB8 /* Curve.h */,
				049806AC1C185B3800026DB8 /* Curve.mm */,
			);
			path = CryptoppWrapper;
			sourceTree = "<group>";
		};
		3F8E88DC1B79DE920028FB2C = {
			isa = PBXGroup;
			children = (
				049806C11C186BAC00026DB8 /* CoreGraphics.framework */,
				049806BF1C186BA300026DB8 /* Foundation.framework */,
				049806BD1C186B9500026DB8 /* UIKit.framework */,
				049806181C185B3700026DB8 /* CryptoppECC */,
				3F8E88E71B79DE920028FB2C /* cryptoppdemo */,
				3F8E88E61B79DE920028FB2C /* Products */,
			);
			sourceTree = "<group>";
		};
		3F8E88E61B79DE920028FB2C /* Products */ = {
			isa = PBXGroup;
			children = (
				3F8E88E51B79DE920028FB2C /* cryptoppdemo.app */,
				3F8E88FE1B79DE930028FB2C /* cryptoppdemoTests.xctest */,
			);
			name = Products;
			sourceTree = "<group>";
		};
		3F8E88E71B79DE920028FB2C /* cryptoppdemo */ = {
			isa = PBXGroup;
			children = (
				049806C41C186C4100026DB8 /* AppDelegate.h */,
				049806C51C186C4100026DB8 /* AppDelegate.m */,
				049806C61C186C4100026DB8 /* ViewController.h */,
				049806C71C186C4100026DB8 /* ViewController.mm */,
				049806B31C18617B00026DB8 /* Images.xcassets */,
				3F8E88E81B79DE920028FB2C /* Supporting Files */,
			);
			path = cryptoppdemo;
			sourceTree = "<group>";
		};
		3F8E88E81B79DE920028FB2C /* Supporting Files */ = {
			isa = PBXGroup;
			children = (
				049806BB1C1869F000026DB8 /* main.m */,
				049806B51C18630600026DB8 /* Info.plist */,
			);
			name = "Supporting Files";
			sourceTree = "<group>";
		};
/* End PBXGroup section */

/* Begin PBXNativeTarget section */
		3F8E88E41B79DE920028FB2C /* cryptoppdemo */ = {
			isa = PBXNativeTarget;
			buildConfigurationList = 3F8E89081B79DE930028FB2C /* Build configuration list for PBXNativeTarget "cryptoppdemo" */;
			buildPhases = (
				3F8E88E11B79DE920028FB2C /* Sources */,
				3F8E88E21B79DE920028FB2C /* Frameworks */,
				3F8E88E31B79DE920028FB2C /* Resources */,
			);
			buildRules = (
			);
			dependencies = (
			);
			name = cryptoppdemo;
			productName = cryptoppdemo;
			productReference = 3F8E88E51B79DE920028FB2C /* cryptoppdemo.app */;
			productType = "com.apple.product-type.application";
		};
		3F8E88FD1B79DE930028FB2C /* cryptoppdemoTests */ = {
			isa = PBXNativeTarget;
			buildConfigurationList = 3F8E890B1B79DE930028FB2C /* Build configuration list for PBXNativeTarget "cryptoppdemoTests" */;
			buildPhases = (
				3F8E88FA1B79DE930028FB2C /* Sources */,
				3F8E88FB1B79DE930028FB2C /* Frameworks */,
				3F8E88FC1B79DE930028FB2C /* Resources */,
			);
			buildRules = (
			);
			dependencies = (
				3F8E89001B79DE930028FB2C /* PBXTargetDependency */,
			);
			name = cryptoppdemoTests;
			productName = cryptoppdemoTests;
			productReference = 3F8E88FE1B79DE930028FB2C /* cryptoppdemoTests.xctest */;
			productType = "com.apple.product-type.bundle.unit-test";
		};
/* End PBXNativeTarget section */

/* Begin PBXProject section */
		3F8E88DD1B79DE920028FB2C /* Project object */ = {
			isa = PBXProject;
			attributes = {
				LastUpgradeCheck = 0700;
				ORGANIZATIONNAME = utogaria;
				TargetAttributes = {
					3F8E88E41B79DE920028FB2C = {
						CreatedOnToolsVersion = 6.4;
						DevelopmentTeam = E49EDX43G4;
					};
					3F8E88FD1B79DE930028FB2C = {
						CreatedOnToolsVersion = 6.4;
						TestTargetID = 3F8E88E41B79DE920028FB2C;
					};
				};
			};
			buildConfigurationList = 3F8E88E01B79DE920028FB2C /* Build configuration list for PBXProject "cryptoppdemo" */;
			compatibilityVersion = "Xcode 3.2";
			developmentRegion = English;
			hasScannedForEncodings = 0;
			knownRegions = (
				en,
				Base,
			);
			mainGroup = 3F8E88DC1B79DE920028FB2C;
			productRefGroup = 3F8E88E61B79DE920028FB2C /* Products */;
			projectDirPath = "";
			projectRoot = "";
			targets = (
				3F8E88E41B79DE920028FB2C /* cryptoppdemo */,
				3F8E88FD1B79DE930028FB2C /* cryptoppdemoTests */,
			);
		};
/* End PBXProject section */

/* Begin PBXResourcesBuildPhase section */
		3F8E88E31B79DE920028FB2C /* Resources */ = {
			isa = PBXResourcesBuildPhase;
			buildActionMask = 2147483647;
			files = (
				049806B41C18617B00026DB8 /* Images.xcassets in Resources */,
			);
			runOnlyForDeploymentPostprocessing = 0;
		};
		3F8E88FC1B79DE930028FB2C /* Resources */ = {
			isa = PBXResourcesBuildPhase;
			buildActionMask = 2147483647;
			files = (
			);
			runOnlyForDeploymentPostprocessing = 0;
		};
/* End PBXResourcesBuildPhase section */

/* Begin PBXSourcesBuildPhase section */
		3F8E88E11B79DE920028FB2C /* Sources */ = {
			isa = PBXSourcesBuildPhase;
			buildActionMask = 2147483647;
			files = (
				0400349D1C19516100CE26A2 /* CryptoppECC.mm in Sources */,
				0400349E1C19516100CE26A2 /* CryptoppECDSA.mm in Sources */,
				0400349F1C19516100CE26A2 /* CryptoppHash.mm in Sources */,
				040034A01C19516100CE26A2 /* Curve.mm in Sources */,
				049806C81C186C4100026DB8 /* AppDelegate.m in Sources */,
				049806BC1C1869F000026DB8 /* main.m in Sources */,
				049806C91C186C4100026DB8 /* ViewController.mm in Sources */,
			);
			runOnlyForDeploymentPostprocessing = 0;
		};
		3F8E88FA1B79DE930028FB2C /* Sources */ = {
			isa = PBXSourcesBuildPhase;
			buildActionMask = 2147483647;
			files = (
			);
			runOnlyForDeploymentPostprocessing = 0;
		};
/* End PBXSourcesBuildPhase section */

/* Begin PBXTargetDependency section */
		3F8E89001B79DE930028FB2C /* PBXTargetDependency */ = {
			isa = PBXTargetDependency;
			target = 3F8E88E41B79DE920028FB2C /* cryptoppdemo */;
			targetProxy = 3F8E88FF1B79DE930028FB2C /* PBXContainerItemProxy */;
		};
/* End PBXTargetDependency section */

/* Begin XCBuildConfiguration section */
		3F8E89061B79DE930028FB2C /* Debug */ = {
			isa = XCBuildConfiguration;
			buildSettings = {
				ALWAYS_SEARCH_USER_PATHS = NO;
				CLANG_CXX_LANGUAGE_STANDARD = "gnu++0x";
				CLANG_CXX_LIBRARY = "libc++";
				CLANG_ENABLE_MODULES = YES;
				CLANG_ENABLE_OBJC_ARC = YES;
				CLANG_WARN_BOOL_CONVERSION = YES;
				CLANG_WARN_CONSTANT_CONVERSION = YES;
				CLANG_WARN_DIRECT_OBJC_ISA_USAGE = YES_ERROR;
				CLANG_WARN_EMPTY_BODY = YES;
				CLANG_WARN_ENUM_CONVERSION = YES;
				CLANG_WARN_INT_CONVERSION = YES;
				CLANG_WARN_OBJC_ROOT_CLASS = YES_ERROR;
				CLANG_WARN_UNREACHABLE_CODE = YES;
				CLANG_WARN__DUPLICATE_METHOD_MATCH = YES;
				CODE_SIGN_IDENTITY = "iPhone Developer: Sandeep Aggarwal (7S7FS6EYYY)";
				"CODE_SIGN_IDENTITY[sdk=iphoneos*]" = "iPhone Developer: Sandeep Aggarwal (7S7FS6EYYY)";
				COPY_PHASE_STRIP = NO;
				DEBUG_INFORMATION_FORMAT = "dwarf-with-dsym";
				ENABLE_STRICT_OBJC_MSGSEND = YES;
				ENABLE_TESTABILITY = YES;
				GCC_C_LANGUAGE_STANDARD = gnu99;
				GCC_DYNAMIC_NO_PIC = NO;
				GCC_NO_COMMON_BLOCKS = YES;
				GCC_OPTIMIZATION_LEVEL = 0;
				GCC_PREPROCESSOR_DEFINITIONS = (
					"DEBUG=1",
					"$(inherited)",
				);
				GCC_SYMBOLS_PRIVATE_EXTERN = NO;
				GCC_WARN_64_TO_32_BIT_CONVERSION = YES;
				GCC_WARN_ABOUT_RETURN_TYPE = YES_ERROR;
				GCC_WARN_UNDECLARED_SELECTOR = YES;
				GCC_WARN_UNINITIALIZED_AUTOS = YES_AGGRESSIVE;
				GCC_WARN_UNUSED_FUNCTION = YES;
				GCC_WARN_UNUSED_VARIABLE = YES;
				IPHONEOS_DEPLOYMENT_TARGET = 8.4;
				MTL_ENABLE_DEBUG_INFO = YES;
				ONLY_ACTIVE_ARCH = NO;
				PROVISIONING_PROFILE = "ac2513bb-d52f-4ac5-845a-023ec1018f13";
				SDKROOT = iphoneos;
			};
			name = Debug;
		};
		3F8E89071B79DE930028FB2C /* Release */ = {
			isa = XCBuildConfiguration;
			buildSettings = {
				ALWAYS_SEARCH_USER_PATHS = NO;
				CLANG_CXX_LANGUAGE_STANDARD = "gnu++0x";
				CLANG_CXX_LIBRARY = "libc++";
				CLANG_ENABLE_MODULES = YES;
				CLANG_ENABLE_OBJC_ARC = YES;
				CLANG_WARN_BOOL_CONVERSION = YES;
				CLANG_WARN_CONSTANT_CONVERSION = YES;
				CLANG_WARN_DIRECT_OBJC_ISA_USAGE = YES_ERROR;
				CLANG_WARN_EMPTY_BODY = YES;
				CLANG_WARN_ENUM_CONVERSION = YES;
				CLANG_WARN_INT_CONVERSION = YES;
				CLANG_WARN_OBJC_ROOT_CLASS = YES_ERROR;
				CLANG_WARN_UNREACHABLE_CODE = YES;
				CLANG_WARN__DUPLICATE_METHOD_MATCH = YES;
				CODE_SIGN_IDENTITY = "iPhone Developer: Sandeep Aggarwal (7S7FS6EYYY)";
				"CODE_SIGN_IDENTITY[sdk=iphoneos*]" = "iPhone Developer: Sandeep Aggarwal (7S7FS6EYYY)";
				COPY_PHASE_STRIP = NO;
				DEBUG_INFORMATION_FORMAT = "dwarf-with-dsym";
				ENABLE_NS_ASSERTIONS = NO;
				ENABLE_STRICT_OBJC_MSGSEND = YES;
				GCC_C_LANGUAGE_STANDARD = gnu99;
				GCC_NO_COMMON_BLOCKS = YES;
				GCC_WARN_64_TO_32_BIT_CONVERSION = YES;
				GCC_WARN_ABOUT_RETURN_TYPE = YES_ERROR;
				GCC_WARN_UNDECLARED_SELECTOR = YES;
				GCC_WARN_UNINITIALIZED_AUTOS = YES_AGGRESSIVE;
				GCC_WARN_UNUSED_FUNCTION = YES;
				GCC_WARN_UNUSED_VARIABLE = YES;
				IPHONEOS_DEPLOYMENT_TARGET = 8.4;
				MTL_ENABLE_DEBUG_INFO = NO;
				ONLY_ACTIVE_ARCH = NO;
				PROVISIONING_PROFILE = "ac2513bb-d52f-4ac5-845a-023ec1018f13";
				SDKROOT = iphoneos;
				VALIDATE_PRODUCT = YES;
			};
			name = Release;
		};
		3F8E89091B79DE930028FB2C /* Debug */ = {
			isa = XCBuildConfiguration;
			buildSettings = {
				ALWAYS_SEARCH_USER_PATHS = YES;
				ASSETCATALOG_COMPILER_APPICON_NAME = AppIcon;
				CODE_SIGN_IDENTITY = "iPhone Developer: Sandeep Aggarwal (7S7FS6EYYY)";
				"CODE_SIGN_IDENTITY[sdk=iphoneos*]" = "iPhone Developer: Sandeep Aggarwal (7S7FS6EYYY)";
				ENABLE_BITCODE = NO;
				GCC_INCREASE_PRECOMPILED_HEADER_SHARING = YES;
				GCC_PRECOMPILE_PREFIX_HEADER = YES;
				GCC_PREFIX_HEADER = $PROJECT_DIR/../CryptoppECC/cryptodemolib.pch;
				HEADER_SEARCH_PATHS = (
					"$(inherited)",
					$PROJECT_DIR/../CryptoppECC/CryptoppWrapper/,
				);
				INFOPLIST_FILE = "$(SRCROOT)/Resources/Info.plist";
				LD_RUNPATH_SEARCH_PATHS = "$(inherited) @executable_path/Frameworks";
				LIBRARY_SEARCH_PATHS = (
					"$(inherited)",
					$PROJECT_DIR/../CryptoppECC/CryptoppLibrary/,
				);
				ONLY_ACTIVE_ARCH = NO;
				OTHER_LDFLAGS = "-lcryptopp";
				PRODUCT_BUNDLE_IDENTIFIER = com.codemymobile.cryptoppdemo;
				PRODUCT_NAME = "$(TARGET_NAME)";
				PROVISIONING_PROFILE = "ac2513bb-d52f-4ac5-845a-023ec1018f13";
				USER_HEADER_SEARCH_PATHS = "";
				VALID_ARCHS = "arm64 armv7";
			};
			name = Debug;
		};
		3F8E890A1B79DE930028FB2C /* Release */ = {
			isa = XCBuildConfiguration;
			buildSettings = {
				ALWAYS_SEARCH_USER_PATHS = YES;
				ASSETCATALOG_COMPILER_APPICON_NAME = AppIcon;
				CODE_SIGN_IDENTITY = "iPhone Developer: Sandeep Aggarwal (7S7FS6EYYY)";
				"CODE_SIGN_IDENTITY[sdk=iphoneos*]" = "iPhone Developer: Sandeep Aggarwal (7S7FS6EYYY)";
				ENABLE_BITCODE = NO;
				GCC_INCREASE_PRECOMPILED_HEADER_SHARING = YES;
				GCC_PRECOMPILE_PREFIX_HEADER = YES;
				GCC_PREFIX_HEADER = $PROJECT_DIR/../CryptoppECC/cryptodemolib.pch;
				HEADER_SEARCH_PATHS = (
					"$(inherited)",
					$PROJECT_DIR/../CryptoppECC/CryptoppWrapper/,
				);
				INFOPLIST_FILE = "$(SRCROOT)/Resources/Info.plist";
				LD_RUNPATH_SEARCH_PATHS = "$(inherited) @executable_path/Frameworks";
				LIBRARY_SEARCH_PATHS = (
					"$(inherited)",
					$PROJECT_DIR/../CryptoppLibrary/,
				);
				ONLY_ACTIVE_ARCH = NO;
				OTHER_LDFLAGS = "-lcryptopp";
				PRODUCT_BUNDLE_IDENTIFIER = com.codemymobile.cryptoppdemo;
				PRODUCT_NAME = "$(TARGET_NAME)";
				PROVISIONING_PROFILE = "ac2513bb-d52f-4ac5-845a-023ec1018f13";
				USER_HEADER_SEARCH_PATHS = "";
				VALID_ARCHS = "arm64 armv7";
			};
			name = Release;
		};
		3F8E890C1B79DE930028FB2C /* Debug */ = {
			isa = XCBuildConfiguration;
			buildSettings = {
				BUNDLE_LOADER = "$(TEST_HOST)";
				FRAMEWORK_SEARCH_PATHS = (
					"$(SDKROOT)/Developer/Library/Frameworks",
					"$(inherited)",
				);
				GCC_PREPROCESSOR_DEFINITIONS = (
					"DEBUG=1",
					"$(inherited)",
				);
				INFOPLIST_FILE = cryptoppdemoTests/Info.plist;
				LD_RUNPATH_SEARCH_PATHS = "$(inherited) @executable_path/Frameworks @loader_path/Frameworks";
				PRODUCT_BUNDLE_IDENTIFIER = "aaa.$(PRODUCT_NAME:rfc1034identifier)";
				PRODUCT_NAME = "$(TARGET_NAME)";
				TEST_HOST = "$(BUILT_PRODUCTS_DIR)/cryptoppdemo.app/cryptoppdemo";
			};
			name = Debug;
		};
		3F8E890D1B79DE930028FB2C /* Release */ = {
			isa = XCBuildConfiguration;
			buildSettings = {
				BUNDLE_LOADER = "$(TEST_HOST)";
				FRAMEWORK_SEARCH_PATHS = (
					"$(SDKROOT)/Developer/Library/Frameworks",
					"$(inherited)",
				);
				INFOPLIST_FILE = cryptoppdemoTests/Info.plist;
				LD_RUNPATH_SEARCH_PATHS = "$(inherited) @executable_path/Frameworks @loader_path/Frameworks";
				PRODUCT_BUNDLE_IDENTIFIER = "aaa.$(PRODUCT_NAME:rfc1034identifier)";
				PRODUCT_NAME = "$(TARGET_NAME)";
				TEST_HOST = "$(BUILT_PRODUCTS_DIR)/cryptoppdemo.app/cryptoppdemo";
			};
			name = Release;
		};
/* End XCBuildConfiguration section */

/* Begin XCConfigurationList section */
		3F8E88E01B79DE920028FB2C /* Build configuration list for PBXProject "cryptoppdemo" */ = {
			isa = XCConfigurationList;
			buildConfigurations = (
				3F8E89061B79DE930028FB2C /* Debug */,
				3F8E89071B79DE930028FB2C /* Release */,
			);
			defaultConfigurationIsVisible = 0;
			defaultConfigurationName = Release;
		};
		3F8E89081B79DE930028FB2C /* Build configuration list for PBXNativeTarget "cryptoppdemo" */ = {
			isa = XCConfigurationList;
			buildConfigurations = (
				3F8E89091B79DE930028FB2C /* Debug */,
				3F8E890A1B79DE930028FB2C /* Release */,
			);
			defaultConfigurationIsVisible = 0;
			defaultConfigurationName = Release;
		};
		3F8E890B1B79DE930028FB2C /* Build configuration list for PBXNativeTarget "cryptoppdemoTests" */ = {
			isa = XCConfigurationList;
			buildConfigurations = (
				3F8E890C1B79DE930028FB2C /* Debug */,
				3F8E890D1B79DE930028FB2C /* Release */,
			);
			defaultConfigurationIsVisible = 0;
			defaultConfigurationName = Release;
		};
/* End XCConfigurationList section */
	};
	rootObject = 3F8E88DD1B79DE920028FB2C /* Project object */;
}
